{
	"name": "web",
	"version": "1.0.0",
	"lockfileVersion": 2,
	"requires": true,
	"packages": {
		"": {
			"name": "web",
			"version": "1.0.0",
			"license": "ISC",
			"dependencies": {
				"lodash": "^4.17.21",
				"mobx": "^6.6.0",
				"mobx-react-lite": "^3.4.0",
				"phaser": "^3.55.2",
				"react": "^18.1.0",
				"react-bulma-components": "^4.1.0",
				"react-dom": "^18.1.0"
			},
			"devDependencies": {
				"@types/react": "^18.0.9",
				"@types/react-dom": "^18.0.5",
				"typescript": "^4.7.2"
			}
		},
		"node_modules/@types/prop-types": {
			"version": "15.7.5",
			"resolved": "https://registry.npmjs.org/@types/prop-types/-/prop-types-15.7.5.tgz",
			"integrity": "sha512-JCB8C6SnDoQf0cNycqd/35A7MjcnK+ZTqE7judS6o7utxUCg6imJg3QK2qzHKszlTjcj2cn+NwMB2i96ubpj7w==",
			"dev": true
		},
		"node_modules/@types/react": {
			"version": "18.0.9",
			"resolved": "https://registry.npmjs.org/@types/react/-/react-18.0.9.tgz",
			"integrity": "sha512-9bjbg1hJHUm4De19L1cHiW0Jvx3geel6Qczhjd0qY5VKVE2X5+x77YxAepuCwVh4vrgZJdgEJw48zrhRIeF4Nw==",
			"dev": true,
			"dependencies": {
				"@types/prop-types": "*",
				"@types/scheduler": "*",
				"csstype": "^3.0.2"
			}
		},
		"node_modules/@types/react-dom": {
			"version": "18.0.5",
			"resolved": "https://registry.npmjs.org/@types/react-dom/-/react-dom-18.0.5.tgz",
			"integrity": "sha512-OWPWTUrY/NIrjsAPkAk1wW9LZeIjSvkXRhclsFO8CZcZGCOg2G0YZy4ft+rOyYxy8B7ui5iZzi9OkDebZ7/QSA==",
			"dev": true,
			"dependencies": {
				"@types/react": "*"
			}
		},
		"node_modules/@types/scheduler": {
			"version": "0.16.2",
			"resolved": "https://registry.npmjs.org/@types/scheduler/-/scheduler-0.16.2.tgz",
			"integrity": "sha512-hppQEBDmlwhFAXKJX2KnWLYu5yMfi91yazPb2l+lbJiwW+wdo1gNeRA+3RgNSO39WYX2euey41KEwnqesU2Jew==",
			"dev": true
		},
		"node_modules/bulma": {
			"version": "0.9.4",
			"resolved": "https://registry.npmjs.org/bulma/-/bulma-0.9.4.tgz",
			"integrity": "sha512-86FlT5+1GrsgKbPLRRY7cGDg8fsJiP/jzTqXXVqiUZZ2aZT8uemEOHlU1CDU+TxklPEZ11HZNNWclRBBecP4CQ==",
			"peer": true
		},
		"node_modules/classnames": {
			"version": "2.3.1",
			"resolved": "https://registry.npmjs.org/classnames/-/classnames-2.3.1.tgz",
			"integrity": "sha512-OlQdbZ7gLfGarSqxesMesDa5uz7KFbID8Kpq/SxIoNGDqY8lSYs0D+hhtBXhcdB3rcbXArFr7vlHheLk1voeNA=="
		},
		"node_modules/csstype": {
			"version": "3.1.0",
			"resolved": "https://registry.npmjs.org/csstype/-/csstype-3.1.0.tgz",
			"integrity": "sha512-uX1KG+x9h5hIJsaKR9xHUeUraxf8IODOwq9JLNPq6BwB04a/xgpq3rcx47l5BZu5zBPlgD342tdke3Hom/nJRA==",
			"dev": true
		},
		"node_modules/eventemitter3": {
			"version": "4.0.7",
			"resolved": "https://registry.npmjs.org/eventemitter3/-/eventemitter3-4.0.7.tgz",
			"integrity": "sha512-8guHBZCwKnFhYdHr2ysuRWErTwhoN2X8XELRlrRwpmfeY2jjuUN4taQMsULKUVo1K4DvZl+0pgfyoysHxvmvEw=="
		},
		"node_modules/inherits": {
			"version": "2.0.3",
			"resolved": "https://registry.npmjs.org/inherits/-/inherits-2.0.3.tgz",
			"integrity": "sha1-Yzwsg+PaQqUC9SRmAiSA9CCCYd4="
		},
		"node_modules/js-tokens": {
			"version": "4.0.0",
			"resolved": "https://registry.npmjs.org/js-tokens/-/js-tokens-4.0.0.tgz",
			"integrity": "sha512-RdJUflcE3cUzKiMqQgsCu06FPu9UdIJO0beYbPhHN4k6apgJtifcoCtT9bcxOpYBtpD2kCM6Sbzg4CausW/PKQ=="
		},
		"node_modules/lodash": {
			"version": "4.17.21",
			"resolved": "https://registry.npmjs.org/lodash/-/lodash-4.17.21.tgz",
			"integrity": "sha512-v2kDEe57lecTulaDIuNTPy3Ry4gLGJ6Z1O3vE1krgXZNrsQ+LFTGHVxVjcXPs17LhbZVGedAJv8XZ1tvj5FvSg=="
		},
		"node_modules/loose-envify": {
			"version": "1.4.0",
			"resolved": "https://registry.npmjs.org/loose-envify/-/loose-envify-1.4.0.tgz",
			"integrity": "sha512-lyuxPGr/Wfhrlem2CL/UcnUc1zcqKAImBDzukY7Y5F/yQiNdko6+fRLevlw1HgMySw7f611UIY408EtxRSoK3Q==",
			"dependencies": {
				"js-tokens": "^3.0.0 || ^4.0.0"
			},
			"bin": {
				"loose-envify": "cli.js"
			}
		},
		"node_modules/mobx": {
			"version": "6.6.0",
			"resolved": "https://registry.npmjs.org/mobx/-/mobx-6.6.0.tgz",
			"integrity": "sha512-MNTKevLH/6DShLZcmSL351+JgiJPO56A4GUpoiDQ3/yZ0mAtclNLdHK9q4BcQhibx8/JSDupfTpbX2NZPemlRg==",
			"funding": {
				"type": "opencollective",
				"url": "https://opencollective.com/mobx"
			}
		},
		"node_modules/mobx-react-lite": {
			"version": "3.4.0",
			"resolved": "https://registry.npmjs.org/mobx-react-lite/-/mobx-react-lite-3.4.0.tgz",
			"integrity": "sha512-bRuZp3C0itgLKHu/VNxi66DN/XVkQG7xtoBVWxpvC5FhAqbOCP21+nPhULjnzEqd7xBMybp6KwytdUpZKEgpIQ==",
			"funding": {
				"type": "opencollective",
				"url": "https://opencollective.com/mobx"
			},
			"peerDependencies": {
				"mobx": "^6.1.0",
				"react": "^16.8.0 || ^17 || ^18"
			},
			"peerDependenciesMeta": {
				"react-dom": {
					"optional": true
				},
				"react-native": {
					"optional": true
				}
			}
		},
		"node_modules/object-assign": {
			"version": "4.1.1",
			"resolved": "https://registry.npmjs.org/object-assign/-/object-assign-4.1.1.tgz",
			"integrity": "sha1-IQmtx5ZYh8/AXLvUQsrIv7s2CGM=",
			"peer": true,
			"engines": {
				"node": ">=0.10.0"
			}
		},
		"node_modules/path": {
			"version": "0.12.7",
			"resolved": "https://registry.npmjs.org/path/-/path-0.12.7.tgz",
			"integrity": "sha1-1NwqUGxM4hl+tIHr/NWzbAFAsQ8=",
			"dependencies": {
				"process": "^0.11.1",
				"util": "^0.10.3"
			}
		},
		"node_modules/phaser": {
			"version": "3.55.2",
			"resolved": "https://registry.npmjs.org/phaser/-/phaser-3.55.2.tgz",
			"integrity": "sha512-amKXsbb2Ht29dGPKvt1edq3yGGYKtq8373GpJYGKPNPnneYY6MtVTOgjHDuZwtmUyK4v86FugkT3hzW/N4tjxQ==",
			"dependencies": {
				"eventemitter3": "^4.0.7",
				"path": "^0.12.7"
			}
		},
		"node_modules/process": {
			"version": "0.11.10",
			"resolved": "https://registry.npmjs.org/process/-/process-0.11.10.tgz",
			"integrity": "sha1-czIwDoQBYb2j5podHZGn1LwW8YI=",
			"engines": {
				"node": ">= 0.6.0"
			}
		},
		"node_modules/prop-types": {
			"version": "15.8.1",
			"resolved": "https://registry.npmjs.org/prop-types/-/prop-types-15.8.1.tgz",
			"integrity": "sha512-oj87CgZICdulUohogVAR7AjlC0327U4el4L6eAvOqCeudMDVU0NThNaV+b9Df4dXgSP1gXMTnPdhfe/2qDH5cg==",
			"peer": true,
			"dependencies": {
				"loose-envify": "^1.4.0",
				"object-assign": "^4.1.1",
				"react-is": "^16.13.1"
			}
		},
		"node_modules/react": {
			"version": "18.1.0",
			"resolved": "https://registry.npmjs.org/react/-/react-18.1.0.tgz",
			"integrity": "sha512-4oL8ivCz5ZEPyclFQXaNksK3adutVS8l2xzZU0cqEFrE9Sb7fC0EFK5uEk74wIreL1DERyjvsU915j1pcT2uEQ==",
			"dependencies": {
				"loose-envify": "^1.1.0"
			},
			"engines": {
				"node": ">=0.10.0"
			}
		},
		"node_modules/react-bulma-components": {
			"version": "4.1.0",
			"resolved": "https://registry.npmjs.org/react-bulma-components/-/react-bulma-components-4.1.0.tgz",
			"integrity": "sha512-keETQwNOBidiX1nrwBPsfcQBQbOQHXB9yQvjNpebdZgzqpcU07wKyxDwFQhHAsNK+YrsppSACQPKZSYqIlX0iw==",
			"dependencies": {
				"classnames": "2.3.1"
			},
			"peerDependencies": {
				"bulma": ">=0.9.2",
				"prop-types": ">=15.6.0",
				"react": ">=16.3.0",
				"react-dom": ">=16.3.0"
			}
		},
		"node_modules/react-dom": {
			"version": "18.1.0",
			"resolved": "https://registry.npmjs.org/react-dom/-/react-dom-18.1.0.tgz",
			"integrity": "sha512-fU1Txz7Budmvamp7bshe4Zi32d0ll7ect+ccxNu9FlObT605GOEB8BfO4tmRJ39R5Zj831VCpvQ05QPBW5yb+w==",
			"dependencies": {
				"loose-envify": "^1.1.0",
				"scheduler": "^0.22.0"
			},
			"peerDependencies": {
				"react": "^18.1.0"
			}
		},
		"node_modules/react-is": {
			"version": "16.13.1",
			"resolved": "https://registry.npmjs.org/react-is/-/react-is-16.13.1.tgz",
			"integrity": "sha512-24e6ynE2H+OKt4kqsOvNd8kBpV65zoxbA4BVsEOB3ARVWQki/DHzaUoC5KuON/BiccDaCCTZBuOcfZs70kR8bQ==",
			"peer": true
		},
		"node_modules/scheduler": {
			"version": "0.22.0",
			"resolved": "https://registry.npmjs.org/scheduler/-/scheduler-0.22.0.tgz",
			"integrity": "sha512-6QAm1BgQI88NPYymgGQLCZgvep4FyePDWFpXVK+zNSUgHwlqpJy8VEh8Et0KxTACS4VWwMousBElAZOH9nkkoQ==",
			"dependencies": {
				"loose-envify": "^1.1.0"
			}
		},
		"node_modules/typescript": {
			"version": "4.7.2",
			"resolved": "https://registry.npmjs.org/typescript/-/typescript-4.7.2.tgz",
			"integrity": "sha512-Mamb1iX2FDUpcTRzltPxgWMKy3fhg0TN378ylbktPGPK/99KbDtMQ4W1hwgsbPAsG3a0xKa1vmw4VKZQbkvz5A==",
			"dev": true,
			"bin": {
				"tsc": "bin/tsc",
				"tsserver": "bin/tsserver"
			},
			"engines": {
				"node": ">=4.2.0"
			}
		},
		"node_modules/util": {
			"version": "0.10.4",
			"resolved": "https://registry.npmjs.org/util/-/util-0.10.4.tgz",
			"integrity": "sha512-0Pm9hTQ3se5ll1XihRic3FDIku70C+iHUdT/W926rSgHV5QgXsYbKZN8MSC3tJtSkhuROzvsQjAaFENRXr+19A==",
			"dependencies": {
				"inherits": "2.0.3"
			}
		}
	},
	"dependencies": {
		"@types/prop-types": {
			"version": "15.7.5",
			"resolved": "https://registry.npmjs.org/@types/prop-types/-/prop-types-15.7.5.tgz",
			"integrity": "sha512-JCB8C6SnDoQf0cNycqd/35A7MjcnK+ZTqE7judS6o7utxUCg6imJg3QK2qzHKszlTjcj2cn+NwMB2i96ubpj7w==",
			"dev": true
		},
		"@types/react": {
			"version": "18.0.9",
			"resolved": "https://registry.npmjs.org/@types/react/-/react-18.0.9.tgz",
			"integrity": "sha512-9bjbg1hJHUm4De19L1cHiW0Jvx3geel6Qczhjd0qY5VKVE2X5+x77YxAepuCwVh4vrgZJdgEJw48zrhRIeF4Nw==",
			"dev": true,
			"requires": {
				"@types/prop-types": "*",
				"@types/scheduler": "*",
				"csstype": "^3.0.2"
			}
		},
		"@types/react-dom": {
			"version": "18.0.5",
			"resolved": "https://registry.npmjs.org/@types/react-dom/-/react-dom-18.0.5.tgz",
			"integrity": "sha512-OWPWTUrY/NIrjsAPkAk1wW9LZeIjSvkXRhclsFO8CZcZGCOg2G0YZy4ft+rOyYxy8B7ui5iZzi9OkDebZ7/QSA==",
			"dev": true,
			"requires": {
				"@types/react": "*"
			}
		},
		"@types/scheduler": {
			"version": "0.16.2",
			"resolved": "https://registry.npmjs.org/@types/scheduler/-/scheduler-0.16.2.tgz",
			"integrity": "sha512-hppQEBDmlwhFAXKJX2KnWLYu5yMfi91yazPb2l+lbJiwW+wdo1gNeRA+3RgNSO39WYX2euey41KEwnqesU2Jew==",
			"dev": true
		},
		"bulma": {
			"version": "0.9.4",
			"resolved": "https://registry.npmjs.org/bulma/-/bulma-0.9.4.tgz",
			"integrity": "sha512-86FlT5+1GrsgKbPLRRY7cGDg8fsJiP/jzTqXXVqiUZZ2aZT8uemEOHlU1CDU+TxklPEZ11HZNNWclRBBecP4CQ==",
			"peer": true
		},
		"classnames": {
			"version": "2.3.1",
			"resolved": "https://registry.npmjs.org/classnames/-/classnames-2.3.1.tgz",
			"integrity": "sha512-OlQdbZ7gLfGarSqxesMesDa5uz7KFbID8Kpq/SxIoNGDqY8lSYs0D+hhtBXhcdB3rcbXArFr7vlHheLk1voeNA=="
		},
		"csstype": {
			"version": "3.1.0",
			"resolved": "https://registry.npmjs.org/csstype/-/csstype-3.1.0.tgz",
			"integrity": "sha512-uX1KG+x9h5hIJsaKR9xHUeUraxf8IODOwq9JLNPq6BwB04a/xgpq3rcx47l5BZu5zBPlgD342tdke3Hom/nJRA==",
			"dev": true
		},
		"eventemitter3": {
			"version": "4.0.7",
			"resolved": "https://registry.npmjs.org/eventemitter3/-/eventemitter3-4.0.7.tgz",
			"integrity": "sha512-8guHBZCwKnFhYdHr2ysuRWErTwhoN2X8XELRlrRwpmfeY2jjuUN4taQMsULKUVo1K4DvZl+0pgfyoysHxvmvEw=="
		},
		"inherits": {
			"version": "2.0.3",
			"resolved": "https://registry.npmjs.org/inherits/-/inherits-2.0.3.tgz",
			"integrity": "sha1-Yzwsg+PaQqUC9SRmAiSA9CCCYd4="
		},
		"js-tokens": {
			"version": "4.0.0",
			"resolved": "https://registry.npmjs.org/js-tokens/-/js-tokens-4.0.0.tgz",
			"integrity": "sha512-RdJUflcE3cUzKiMqQgsCu06FPu9UdIJO0beYbPhHN4k6apgJtifcoCtT9bcxOpYBtpD2kCM6Sbzg4CausW/PKQ=="
		},
		"lodash": {
			"version": "4.17.21",
			"resolved": "https://registry.npmjs.org/lodash/-/lodash-4.17.21.tgz",
			"integrity": "sha512-v2kDEe57lecTulaDIuNTPy3Ry4gLGJ6Z1O3vE1krgXZNrsQ+LFTGHVxVjcXPs17LhbZVGedAJv8XZ1tvj5FvSg=="
		},
		"loose-envify": {
			"version": "1.4.0",
			"resolved": "https://registry.npmjs.org/loose-envify/-/loose-envify-1.4.0.tgz",
			"integrity": "sha512-lyuxPGr/Wfhrlem2CL/UcnUc1zcqKAImBDzukY7Y5F/yQiNdko6+fRLevlw1HgMySw7f611UIY408EtxRSoK3Q==",
			"requires": {
				"js-tokens": "^3.0.0 || ^4.0.0"
			}
		},
		"mobx": {
			"version": "6.6.0",
			"resolved": "https://registry.npmjs.org/mobx/-/mobx-6.6.0.tgz",
			"integrity": "sha512-MNTKevLH/6DShLZcmSL351+JgiJPO56A4GUpoiDQ3/yZ0mAtclNLdHK9q4BcQhibx8/JSDupfTpbX2NZPemlRg=="
		},
		"mobx-react-lite": {
			"version": "3.4.0",
			"resolved": "https://registry.npmjs.org/mobx-react-lite/-/mobx-react-lite-3.4.0.tgz",
			"integrity": "sha512-bRuZp3C0itgLKHu/VNxi66DN/XVkQG7xtoBVWxpvC5FhAqbOCP21+nPhULjnzEqd7xBMybp6KwytdUpZKEgpIQ==",
			"requires": {}
		},
		"object-assign": {
			"version": "4.1.1",
			"resolved": "https://registry.npmjs.org/object-assign/-/object-assign-4.1.1.tgz",
			"integrity": "sha1-IQmtx5ZYh8/AXLvUQsrIv7s2CGM=",
			"peer": true
		},
		"path": {
			"version": "0.12.7",
			"resolved": "https://registry.npmjs.org/path/-/path-0.12.7.tgz",
			"integrity": "sha1-1NwqUGxM4hl+tIHr/NWzbAFAsQ8=",
			"requires": {
				"process": "^0.11.1",
				"util": "^0.10.3"
			}
		},
		"phaser": {
			"version": "3.55.2",
			"resolved": "https://registry.npmjs.org/phaser/-/phaser-3.55.2.tgz",
			"integrity": "sha512-amKXsbb2Ht29dGPKvt1edq3yGGYKtq8373GpJYGKPNPnneYY6MtVTOgjHDuZwtmUyK4v86FugkT3hzW/N4tjxQ==",
			"requires": {
				"eventemitter3": "^4.0.7",
				"path": "^0.12.7"
			}
		},
		"process": {
			"version": "0.11.10",
			"resolved": "https://registry.npmjs.org/process/-/process-0.11.10.tgz",
			"integrity": "sha1-czIwDoQBYb2j5podHZGn1LwW8YI="
		},
		"prop-types": {
			"version": "15.8.1",
			"resolved": "https://registry.npmjs.org/prop-types/-/prop-types-15.8.1.tgz",
			"integrity": "sha512-oj87CgZICdulUohogVAR7AjlC0327U4el4L6eAvOqCeudMDVU0NThNaV+b9Df4dXgSP1gXMTnPdhfe/2qDH5cg==",
			"peer": true,
			"requires": {
				"loose-envify": "^1.4.0",
				"object-assign": "^4.1.1",
				"react-is": "^16.13.1"
			}
		},
		"react": {
			"version": "18.1.0",
			"resolved": "https://registry.npmjs.org/react/-/react-18.1.0.tgz",
			"integrity": "sha512-4oL8ivCz5ZEPyclFQXaNksK3adutVS8l2xzZU0cqEFrE9Sb7fC0EFK5uEk74wIreL1DERyjvsU915j1pcT2uEQ==",
			"requires": {
				"loose-envify": "^1.1.0"
			}
		},
		"react-bulma-components": {
			"version": "4.1.0",
			"resolved": "https://registry.npmjs.org/react-bulma-components/-/react-bulma-components-4.1.0.tgz",
			"integrity": "sha512-keETQwNOBidiX1nrwBPsfcQBQbOQHXB9yQvjNpebdZgzqpcU07wKyxDwFQhHAsNK+YrsppSACQPKZSYqIlX0iw==",
			"requires": {
				"classnames": "2.3.1"
			}
		},
		"react-dom": {
			"version": "18.1.0",
			"resolved": "https://registry.npmjs.org/react-dom/-/react-dom-18.1.0.tgz",
			"integrity": "sha512-fU1Txz7Budmvamp7bshe4Zi32d0ll7ect+ccxNu9FlObT605GOEB8BfO4tmRJ39R5Zj831VCpvQ05QPBW5yb+w==",
			"requires": {
				"loose-envify": "^1.1.0",
				"scheduler": "^0.22.0"
			}
		},
		"react-is": {
			"version": "16.13.1",
			"resolved": "https://registry.npmjs.org/react-is/-/react-is-16.13.1.tgz",
			"integrity": "sha512-24e6ynE2H+OKt4kqsOvNd8kBpV65zoxbA4BVsEOB3ARVWQki/DHzaUoC5KuON/BiccDaCCTZBuOcfZs70kR8bQ==",
			"peer": true
		},
		"scheduler": {
			"version": "0.22.0",
			"resolved": "https://registry.npmjs.org/scheduler/-/scheduler-0.22.0.tgz",
			"integrity": "sha512-6QAm1BgQI88NPYymgGQLCZgvep4FyePDWFpXVK+zNSUgHwlqpJy8VEh8Et0KxTACS4VWwMousBElAZOH9nkkoQ==",
			"requires": {
				"loose-envify": "^1.1.0"
			}
		},
		"typescript": {
			"version": "4.7.2",
			"resolved": "https://registry.npmjs.org/typescript/-/typescript-4.7.2.tgz",
			"integrity": "sha512-Mamb1iX2FDUpcTRzltPxgWMKy3fhg0TN378ylbktPGPK/99KbDtMQ4W1hwgsbPAsG3a0xKa1vmw4VKZQbkvz5A==",
			"dev": true
		},
		"util": {
			"version": "0.10.4",
			"resolved": "https://registry.npmjs.org/util/-/util-0.10.4.tgz",
			"integrity": "sha512-0Pm9hTQ3se5ll1XihRic3FDIku70C+iHUdT/W926rSgHV5QgXsYbKZN8MSC3tJtSkhuROzvsQjAaFENRXr+19A==",
			"requires": {
				"inherits": "2.0.3"
			}
		}
	}
}
